
Microsoft Visual Studio Solution File, Format Version 12.00
# Visual Studio Version 17
VisualStudioVersion = 17.6.33801.468
MinimumVisualStudioVersion = 10.0.40219.1
Project("{8BC9CEB8-8B4A-11D0-8D11-00A0C91BC942}") = "CommandPattern", "CommandPattern\CommandPattern.vcxproj", "{BCEC080C-0D84-4F6B-8508-5D25F3821F65}"
EndProject
Global
	GlobalSection(SolutionConfigurationPlatforms) = preSolution
		Debug|x64 = Debug|x64
		Debug|x86 = Debug|x86
		Release|x64 = Release|x64
		Release|x86 = Release|x86
	EndGlobalSection
	GlobalSection(ProjectConfigurationPlatforms) = postSolution
		{BCEC080C-0D84-4F6B-8508-5D25F3821F65}.Debug|x64.ActiveCfg = Debug|x64
		{BCEC080C-0D84-4F6B-8508-5D25F3821F65}.Debug|x64.Build.0 = Debug|x64
		{BCEC080C-0D84-4F6B-8508-5D25F3821F65}.Debug|x86.ActiveCfg = Debug|Win32
		{BCEC080C-0D84-4F6B-8508-5D25F3821F65}.Debug|x86.Build.0 = Debug|Win32
		{BCEC080C-0D84-4F6B-8508-5D25F3821F65}.Release|x64.ActiveCfg = Release|x64
		{BCEC080C-0D84-4F6B-8508-5D25F3821F65}.Release|x64.Build.0 = Release|x64
		{BCEC080C-0D84-4F6B-8508-5D25F3821F65}.Release|x86.ActiveCfg = Release|Win32
		{BCEC080C-0D84-4F6B-8508-5D25F3821F65}.Release|x86.Build.0 = Release|Win32
	EndGlobalSection
	GlobalSection(SolutionProperties) = preSolution
		HideSolutionNode = FALSE
	EndGlobalSection
	GlobalSection(ExtensibilityGlobals) = postSolution
		SolutionGuid = {1DE564BF-1E38-490D-AD8E-E9A8DF46C559}
	EndGlobalSection
EndGlobal
